
Microsoft Visual Studio Solution File, Format Version 12.00
# Visual Studio Version 17
VisualStudioVersion = 17.11.35208.52
MinimumVisualStudioVersion = 10.0.40219.1
Project("{FAE04EC0-301F-11D3-BF4B-00C04F79EFBC}") = "SixtyNames", "SixtyNames\SixtyNames.csproj", "{5971BDB3-B2E3-4608-9DD5-71890DA49031}"
EndProject
Global
	GlobalSection(SolutionConfigurationPlatforms) = preSolution
		Debug|Any CPU = Debug|Any CPU
		Release|Any CPU = Release|Any CPU
	EndGlobalSection
	GlobalSection(ProjectConfigurationPlatforms) = postSolution
		{5971BDB3-B2E3-4608-9DD5-71890DA49031}.Debug|Any CPU.ActiveCfg = Debug|Any CPU
		{5971BDB3-B2E3-4608-9DD5-71890DA49031}.Debug|Any CPU.Build.0 = Debug|Any CPU
		{5971BDB3-B2E3-4608-9DD5-71890DA49031}.Release|Any CPU.ActiveCfg = Release|Any CPU
		{5971BDB3-B2E3-4608-9DD5-71890DA49031}.Release|Any CPU.Build.0 = Release|Any CPU
	EndGlobalSection
	GlobalSection(SolutionProperties) = preSolution
		HideSolutionNode = FALSE
	EndGlobalSection
	GlobalSection(ExtensibilityGlobals) = postSolution
		SolutionGuid = {16520928-AB00-4B78-93C4-E7F31DF9F253}
	EndGlobalSection
EndGlobal
